<?xml version="1.0" encoding="utf-8"?>
<Project ToolsVersion="4.0" xmlns="http://schemas.microsoft.com/developer/msbuild/2003">
  <ItemGroup>
    <Filter Include="Source Files">
      <UniqueIdentifier>{4FC737F1-C7A5-4376-A066-2A32D752A2FF}</UniqueIdentifier>
      <Extensions>cpp;c;cc;cxx;def;odl;idl;hpj;bat;asm;asmx</Extensions>
    </Filter>
    <Filter Include="Header Files">
      <UniqueIdentifier>{93995380-89BD-4b04-88EB-625FBE52EBFB}</UniqueIdentifier>
      <Extensions>h;hpp;hxx;hm;inl;inc;xsd</Extensions>
    </Filter>
    <Filter Include="Resource Files">
      <UniqueIdentifier>{67DA6AB6-F800-4c08-8B7A-83BB121AAD01}</UniqueIdentifier>
      <Extensions>rc;ico;cur;bmp;dlg;rc2;rct;bin;rgs;gif;jpg;jpeg;jpe;resx;tiff;tif;png;wav;mfcribbon-ms</Extensions>
    </Filter>
  </ItemGroup>
  <ItemGroup>
    <None Include="ReadMe.txt" />
  </ItemGroup>
  <ItemGroup>
    <ClInclude Include="stdafx.h">
      <Filter>Header Files</Filter>
    </ClInclude>
    <ClInclude Include="targetver.h">
      <Filter>Header Files</Filter>
    </ClInclude>
    <ClInclude Include="App.h">
      <Filter>Header Files</Filter>
    </ClInclude>
    <ClInclude Include="msg.h">
      <Filter>Header Files</Filter>
    </ClInclude>
    <ClInclude Include="config.h">
      <Filter>Header Files</Filter>
    </ClInclude>
    <ClInclude Include="defvalue.h">
      <Filter>Header Files</Filter>
    </ClInclude>
    <ClInclude Include="Client.h">
      <Filter>Header Files</Filter>
    </ClInclude>
    <ClInclude Include="NetHelper.h">
      <Filter>Header Files</Filter>
    </ClInclude>
    <ClInclude Include="Plugin.h">
      <Filter>Header Files</Filter>
    </ClInclude>
    <ClInclude Include="RI01.h">
      <Filter>Header Files</Filter>
    </ClInclude>
    <ClInclude Include="VI04.h">
      <Filter>Header Files</Filter>
    </ClInclude>
    <ClInclude Include="IPMSPlay.h">
      <Filter>Header Files</Filter>
    </ClInclude>
    <ClInclude Include="IPMSReplay.h">
      <Filter>Header Files</Filter>
    </ClInclude>
    <ClInclude Include="UHI01.h">
      <Filter>Header Files</Filter>
    </ClInclude>
    <ClInclude Include="Signal.h">
      <Filter>Header Files</Filter>
    </ClInclude>
    <ClInclude Include="__scope_buf.h">
      <Filter>Header Files</Filter>
    </ClInclude>
    <ClInclude Include="Transfer.h">
      <Filter>Header Files</Filter>
    </ClInclude>
    <ClInclude Include="TfSignal.h">
      <Filter>Header Files</Filter>
    </ClInclude>
    <ClInclude Include="TfAudioSource.h">
      <Filter>Header Files</Filter>
    </ClInclude>
    <ClInclude Include="TfVideoSource.h">
      <Filter>Header Files</Filter>
    </ClInclude>
    <ClInclude Include="TfAudioGroup.h">
      <Filter>Header Files</Filter>
    </ClInclude>
    <ClInclude Include="TfVideoGroup.h">
      <Filter>Header Files</Filter>
    </ClInclude>
    <ClInclude Include="Stamp2Showtime.h">
      <Filter>Header Files</Filter>
    </ClInclude>
    <ClInclude Include="TfAudioOutput.h">
      <Filter>Header Files</Filter>
    </ClInclude>
    <ClInclude Include="TfVideoOutput.h">
      <Filter>Header Files</Filter>
    </ClInclude>
    <ClInclude Include="imp_ri01.h">
      <Filter>Header Files</Filter>
    </ClInclude>
    <ClInclude Include="imp_vi04.h">
      <Filter>Header Files</Filter>
    </ClInclude>
    <ClInclude Include="imp_uhi01.h">
      <Filter>Header Files</Filter>
    </ClInclude>
    <ClInclude Include="imp_ipms_play.h">
      <Filter>Header Files</Filter>
    </ClInclude>
    <ClInclude Include="imp_ipms_replay.h">
      <Filter>Header Files</Filter>
    </ClInclude>
    <ClInclude Include="VideoSlice.h">
      <Filter>Header Files</Filter>
    </ClInclude>
    <ClInclude Include="AudioSlice.h">
      <Filter>Header Files</Filter>
    </ClInclude>
    <ClInclude Include="TfMethod.h">
      <Filter>Header Files</Filter>
    </ClInclude>
    <ClInclude Include="__send_buf.h">
      <Filter>Header Files</Filter>
    </ClInclude>
    <ClInclude Include="Dispatch.h">
      <Filter>Header Files</Filter>
    </ClInclude>
    <ClInclude Include="Counter.h">
      <Filter>Header Files</Filter>
    </ClInclude>
    <ClInclude Include="background.h">
      <Filter>Header Files</Filter>
    </ClInclude>
    <ClInclude Include="resource.h">
      <Filter>Header Files</Filter>
    </ClInclude>
    <ClInclude Include="RTSPlive555.h">
      <Filter>Header Files</Filter>
    </ClInclude>
    <ClInclude Include="imp_rtsplive555.h">
      <Filter>Header Files</Filter>
    </ClInclude>
    <ClInclude Include="ClinkDeskTest.h">
      <Filter>Header Files</Filter>
    </ClInclude>
    <ClInclude Include="imp_desktop.h">
      <Filter>Header Files</Filter>
    </ClInclude>
    <ClInclude Include="watchdog.h">
      <Filter>Header Files</Filter>
    </ClInclude>
    <ClInclude Include="myRTSPClient.h">
      <Filter>Header Files</Filter>
    </ClInclude>
    <ClInclude Include="put_bits.h">
      <Filter>Source Files</Filter>
    </ClInclude>
    <ClInclude Include="h264.h">
      <Filter>Header Files</Filter>
    </ClInclude>
    <ClInclude Include="optimizer.h">
      <Filter>Header Files</Filter>
    </ClInclude>
    <ClInclude Include="Nvt.h">
      <Filter>Header Files</Filter>
    </ClInclude>
    <ClInclude Include="NvtHelper.h">
      <Filter>Header Files</Filter>
    </ClInclude>
  </ItemGroup>
  <ItemGroup>
    <ClCompile Include="stdafx.cpp">
      <Filter>Source Files</Filter>
    </ClCompile>
    <ClCompile Include="videoservice.cpp">
      <Filter>Source Files</Filter>
    </ClCompile>
    <ClCompile Include="App.cpp">
      <Filter>Source Files</Filter>
    </ClCompile>
    <ClCompile Include="config.cpp">
      <Filter>Source Files</Filter>
    </ClCompile>
    <ClCompile Include="Client.cpp">
      <Filter>Source Files</Filter>
    </ClCompile>
    <ClCompile Include="NetHelper.cpp">
      <Filter>Source Files</Filter>
    </ClCompile>
    <ClCompile Include="Signal.cpp">
      <Filter>Source Files</Filter>
    </ClCompile>
    <ClCompile Include="Transfer.cpp">
      <Filter>Source Files</Filter>
    </ClCompile>
    <ClCompile Include="TfSignal.cpp">
      <Filter>Source Files</Filter>
    </ClCompile>
    <ClCompile Include="TfAudioSource.cpp">
      <Filter>Source Files</Filter>
    </ClCompile>
    <ClCompile Include="TfVideoSource.cpp">
      <Filter>Source Files</Filter>
    </ClCompile>
    <ClCompile Include="TfAudioGroup.cpp">
      <Filter>Source Files</Filter>
    </ClCompile>
    <ClCompile Include="TfVideoGroup.cpp">
      <Filter>Source Files</Filter>
    </ClCompile>
    <ClCompile Include="Stamp2Showtime.cpp">
      <Filter>Source Files</Filter>
    </ClCompile>
    <ClCompile Include="TfAudioOutput.cpp">
      <Filter>Source Files</Filter>
    </ClCompile>
    <ClCompile Include="TfVideoOutput.cpp">
      <Filter>Source Files</Filter>
    </ClCompile>
    <ClCompile Include="imp_ri01.cpp">
      <Filter>Source Files</Filter>
    </ClCompile>
    <ClCompile Include="imp_vi04.cpp">
      <Filter>Source Files</Filter>
    </ClCompile>
    <ClCompile Include="imp_uhi01.cpp">
      <Filter>Source Files</Filter>
    </ClCompile>
    <ClCompile Include="imp_ipms_play.cpp">
      <Filter>Source Files</Filter>
    </ClCompile>
    <ClCompile Include="imp_ipms_replay.cpp">
      <Filter>Source Files</Filter>
    </ClCompile>
    <ClCompile Include="..\include\network\network.cpp">
      <Filter>Source Files</Filter>
    </ClCompile>
    <ClCompile Include="VideoSlice.cpp">
      <Filter>Source Files</Filter>
    </ClCompile>
    <ClCompile Include="AudioSlice.cpp">
      <Filter>Source Files</Filter>
    </ClCompile>
    <ClCompile Include="Dispatch.cpp">
      <Filter>Source Files</Filter>
    </ClCompile>
    <ClCompile Include="Counter.cpp">
      <Filter>Source Files</Filter>
    </ClCompile>
    <ClCompile Include="imp_rtsplive555.cpp">
      <Filter>Source Files</Filter>
    </ClCompile>
    <ClCompile Include="..\include\xprotocol\xprotocol.cpp">
      <Filter>Source Files</Filter>
    </ClCompile>
    <ClCompile Include="..\include\misc\crc.cpp">
      <Filter>Source Files</Filter>
    </ClCompile>
    <ClCompile Include="imp_desktop.cpp">
      <Filter>Source Files</Filter>
    </ClCompile>
    <ClCompile Include="myRTSPClient.cpp">
      <Filter>Source Files</Filter>
    </ClCompile>
    <ClCompile Include="SocketHelp.h">
      <Filter>Header Files</Filter>
    </ClCompile>
    <ClCompile Include="h264.cpp">
      <Filter>Source Files</Filter>
    </ClCompile>
    <ClCompile Include="optimizer.cpp">
      <Filter>Source Files</Filter>
    </ClCompile>
    <ClCompile Include="NvtHelper.cpp">
      <Filter>Source Files</Filter>
    </ClCompile>
  </ItemGroup>
  <ItemGroup>
    <ResourceCompile Include="videoservice.rc">
      <Filter>Resource Files</Filter>
    </ResourceCompile>
  </ItemGroup>
</Project>